
Microsoft Visual Studio Solution File, Format Version 12.00
# Visual Studio Version 16
VisualStudioVersion = 16.0.31729.503
MinimumVisualStudioVersion = 10.0.40219.1
Project("{8BC9CEB8-8B4A-11D0-8D11-00A0C91BC942}") = "gierka2", "gierka2.vcxproj", "{052C9AD8-06BA-40FF-AB35-42776029C23C}"
EndProject
Global
	GlobalSection(SolutionConfigurationPlatforms) = preSolution
		Debug|x64 = Debug|x64
		Debug|x86 = Debug|x86
		Release|x64 = Release|x64
		Release|x86 = Release|x86
	EndGlobalSection
	GlobalSection(ProjectConfigurationPlatforms) = postSolution
		{052C9AD8-06BA-40FF-AB35-42776029C23C}.Debug|x64.ActiveCfg = Debug|x64
		{052C9AD8-06BA-40FF-AB35-42776029C23C}.Debug|x64.Build.0 = Debug|x64
		{052C9AD8-06BA-40FF-AB35-42776029C23C}.Debug|x86.ActiveCfg = Debug|Win32
		{052C9AD8-06BA-40FF-AB35-42776029C23C}.Debug|x86.Build.0 = Debug|Win32
		{052C9AD8-06BA-40FF-AB35-42776029C23C}.Release|x64.ActiveCfg = Release|x64
		{052C9AD8-06BA-40FF-AB35-42776029C23C}.Release|x64.Build.0 = Release|x64
		{052C9AD8-06BA-40FF-AB35-42776029C23C}.Release|x86.ActiveCfg = Release|Win32
		{052C9AD8-06BA-40FF-AB35-42776029C23C}.Release|x86.Build.0 = Release|Win32
	EndGlobalSection
	GlobalSection(SolutionProperties) = preSolution
		HideSolutionNode = FALSE
	EndGlobalSection
	GlobalSection(ExtensibilityGlobals) = postSolution
		SolutionGuid = {121F13F2-B562-442B-B394-DACB65E1C136}
	EndGlobalSection
EndGlobal
